
Microsoft Visual Studio Solution File, Format Version 12.00
# Visual Studio 15
VisualStudioVersion = 15.0.28307.705
MinimumVisualStudioVersion = 10.0.40219.1
Project("{FAE04EC0-301F-11D3-BF4B-00C04F79EFBC}") = "EmbarkExampleMod", "EmbarkExampleMod\EmbarkExampleMod.csproj", "{CAAAE22F-BE3D-4C09-A2B0-7A5A82A10270}"
EndProject
Global
	GlobalSection(SolutionConfigurationPlatforms) = preSolution
		Debug|Any CPU = Debug|Any CPU
		Release|Any CPU = Release|Any CPU
	EndGlobalSection
	GlobalSection(ProjectConfigurationPlatforms) = postSolution
		{CAAAE22F-BE3D-4C09-A2B0-7A5A82A10270}.Debug|Any CPU.ActiveCfg = Debug|Any CPU
		{CAAAE22F-BE3D-4C09-A2B0-7A5A82A10270}.Debug|Any CPU.Build.0 = Debug|Any CPU
		{CAAAE22F-BE3D-4C09-A2B0-7A5A82A10270}.Release|Any CPU.ActiveCfg = Release|Any CPU
		{CAAAE22F-BE3D-4C09-A2B0-7A5A82A10270}.Release|Any CPU.Build.0 = Release|Any CPU
	EndGlobalSection
	GlobalSection(SolutionProperties) = preSolution
		HideSolutionNode = FALSE
	EndGlobalSection
	GlobalSection(ExtensibilityGlobals) = postSolution
		SolutionGuid = {ACF7DC04-A48A-49EC-B53A-959B29F0D97D}
	EndGlobalSection
EndGlobal
